
Microsoft Visual Studio Solution File, Format Version 12.00
# Visual Studio 15
VisualStudioVersion = 15.0.28307.136
MinimumVisualStudioVersion = 10.0.40219.1
Project("{FAE04EC0-301F-11D3-BF4B-00C04F79EFBC}") = "TRMDataManager", "TRMDataManager\TRMDataManager.csproj", "{81AE6877-FAEF-4D69-A13B-B989F21233F2}"
EndProject
Project("{00D1A9C2-B5F0-4AF3-8072-F6C62B433612}") = "TRMData", "TRMData\TRMData.sqlproj", "{D7D09F8C-B768-4D06-B593-C0814E05E969}"
EndProject
Project("{FAE04EC0-301F-11D3-BF4B-00C04F79EFBC}") = "TRMDesktopUI", "TRMDesktopUI\TRMDesktopUI.csproj", "{5CBE832A-20B3-4F2F-A4AD-12441EF90303}"
EndProject
Project("{FAE04EC0-301F-11D3-BF4B-00C04F79EFBC}") = "TRMDataManager.Library", "TRMDataManager.Library\TRMDataManager.Library.csproj", "{199CC4DF-39BE-4359-BFF2-CAE44F7A2E41}"
EndProject
Global
	GlobalSection(SolutionConfigurationPlatforms) = preSolution
		Debug|Any CPU = Debug|Any CPU
		Release|Any CPU = Release|Any CPU
	EndGlobalSection
	GlobalSection(ProjectConfigurationPlatforms) = postSolution
		{81AE6877-FAEF-4D69-A13B-B989F21233F2}.Debug|Any CPU.ActiveCfg = Debug|Any CPU
		{81AE6877-FAEF-4D69-A13B-B989F21233F2}.Debug|Any CPU.Build.0 = Debug|Any CPU
		{81AE6877-FAEF-4D69-A13B-B989F21233F2}.Release|Any CPU.ActiveCfg = Release|Any CPU
		{81AE6877-FAEF-4D69-A13B-B989F21233F2}.Release|Any CPU.Build.0 = Release|Any CPU
		{D7D09F8C-B768-4D06-B593-C0814E05E969}.Debug|Any CPU.ActiveCfg = Debug|Any CPU
		{D7D09F8C-B768-4D06-B593-C0814E05E969}.Debug|Any CPU.Build.0 = Debug|Any CPU
		{D7D09F8C-B768-4D06-B593-C0814E05E969}.Debug|Any CPU.Deploy.0 = Debug|Any CPU
		{D7D09F8C-B768-4D06-B593-C0814E05E969}.Release|Any CPU.ActiveCfg = Release|Any CPU
		{D7D09F8C-B768-4D06-B593-C0814E05E969}.Release|Any CPU.Build.0 = Release|Any CPU
		{D7D09F8C-B768-4D06-B593-C0814E05E969}.Release|Any CPU.Deploy.0 = Release|Any CPU
		{5CBE832A-20B3-4F2F-A4AD-12441EF90303}.Debug|Any CPU.ActiveCfg = Debug|Any CPU
		{5CBE832A-20B3-4F2F-A4AD-12441EF90303}.Debug|Any CPU.Build.0 = Debug|Any CPU
		{5CBE832A-20B3-4F2F-A4AD-12441EF90303}.Release|Any CPU.ActiveCfg = Release|Any CPU
		{5CBE832A-20B3-4F2F-A4AD-12441EF90303}.Release|Any CPU.Build.0 = Release|Any CPU
		{199CC4DF-39BE-4359-BFF2-CAE44F7A2E41}.Debug|Any CPU.ActiveCfg = Debug|Any CPU
		{199CC4DF-39BE-4359-BFF2-CAE44F7A2E41}.Debug|Any CPU.Build.0 = Debug|Any CPU
		{199CC4DF-39BE-4359-BFF2-CAE44F7A2E41}.Release|Any CPU.ActiveCfg = Release|Any CPU
		{199CC4DF-39BE-4359-BFF2-CAE44F7A2E41}.Release|Any CPU.Build.0 = Release|Any CPU
	EndGlobalSection
	GlobalSection(SolutionProperties) = preSolution
		HideSolutionNode = FALSE
	EndGlobalSection
	GlobalSection(ExtensibilityGlobals) = postSolution
		SolutionGuid = {1B433A8F-2EA0-49A1-A8B9-9212596E85F6}
	EndGlobalSection
EndGlobal
